
Microsoft Visual Studio Solution File, Format Version 12.00
# Visual Studio Version 16
VisualStudioVersion = 16.0.33130.400
MinimumVisualStudioVersion = 10.0.40219.1
Project("{FAE04EC0-301F-11D3-BF4B-00C04F79EFBC}") = "Adisyonperformans2", "Adisyonperformans2.csproj", "{F210E3F6-E3AB-477A-B26F-A6F8C5B11945}"
EndProject
Global
	GlobalSection(SolutionConfigurationPlatforms) = preSolution
		Debug|Any CPU = Debug|Any CPU
		Release|Any CPU = Release|Any CPU
	EndGlobalSection
	GlobalSection(ProjectConfigurationPlatforms) = postSolution
		{F210E3F6-E3AB-477A-B26F-A6F8C5B11945}.Debug|Any CPU.ActiveCfg = Debug|Any CPU
		{F210E3F6-E3AB-477A-B26F-A6F8C5B11945}.Debug|Any CPU.Build.0 = Debug|Any CPU
		{F210E3F6-E3AB-477A-B26F-A6F8C5B11945}.Release|Any CPU.ActiveCfg = Release|Any CPU
		{F210E3F6-E3AB-477A-B26F-A6F8C5B11945}.Release|Any CPU.Build.0 = Release|Any CPU
	EndGlobalSection
	GlobalSection(SolutionProperties) = preSolution
		HideSolutionNode = FALSE
	EndGlobalSection
	GlobalSection(ExtensibilityGlobals) = postSolution
		SolutionGuid = {93E8F938-2DBC-4BD6-93D8-C9F48412A391}
	EndGlobalSection
EndGlobal
